PODS:
  - Flutter (1.0.0)
  - flutter_family_tree (0.0.1):
    - Flutter

DEPENDENCIES:
  - Flutter (from `Flutter`)
  - flutter_family_tree (from `.symlinks/plugins/flutter_family_tree/ios`)

EXTERNAL SOURCES:
  Flutter:
    :path: Flutter
  flutter_family_tree:
    :path: ".symlinks/plugins/flutter_family_tree/ios"

SPEC CHECKSUMS:
  Flutter: 0e3d915762c693b495b44d77113d4970485de6ec
  flutter_family_tree: 82dd3427a5ba3d9423b39c5100914b3e7822d936

PODFILE CHECKSUM: 1b66dae606f75376c5f2135a8290850eeb09ae83

COCOAPODS: 1.9.1
